
Microsoft Visual Studio Solution File, Format Version 12.00
# Visual Studio 15
Project("{FAE04EC0-301F-11D3-BF4B-00C04F79EFBC}") = "SimpleFileBrowser.Runtime", "SimpleFileBrowser.Runtime.csproj", "{A0C27ECB-959F-5BAD-3D01-0F415DF0721C}"
EndProject
Project("{FAE04EC0-301F-11D3-BF4B-00C04F79EFBC}") = "Assembly-CSharp", "Assembly-CSharp.csproj", "{7A4AA757-D534-F0D1-C062-7678F1E86B66}"
EndProject
Global
	GlobalSection(SolutionConfigurationPlatforms) = preSolution
		Debug|Any CPU = Debug|Any CPU
		Release|Any CPU = Release|Any CPU
	EndGlobalSection
	GlobalSection(ProjectConfigurationPlatforms) = postSolution
		{A0C27ECB-959F-5BAD-3D01-0F415DF0721C}.Debug|Any CPU.ActiveCfg = Debug|Any CPU
		{A0C27ECB-959F-5BAD-3D01-0F415DF0721C}.Debug|Any CPU.Build.0 = Debug|Any CPU
		{A0C27ECB-959F-5BAD-3D01-0F415DF0721C}.Release|Any CPU.ActiveCfg = Release|Any CPU
		{A0C27ECB-959F-5BAD-3D01-0F415DF0721C}.Release|Any CPU.Build.0 = Release|Any CPU
		{7A4AA757-D534-F0D1-C062-7678F1E86B66}.Debug|Any CPU.ActiveCfg = Debug|Any CPU
		{7A4AA757-D534-F0D1-C062-7678F1E86B66}.Debug|Any CPU.Build.0 = Debug|Any CPU
		{7A4AA757-D534-F0D1-C062-7678F1E86B66}.Release|Any CPU.ActiveCfg = Release|Any CPU
		{7A4AA757-D534-F0D1-C062-7678F1E86B66}.Release|Any CPU.Build.0 = Release|Any CPU
	EndGlobalSection
	GlobalSection(SolutionProperties) = preSolution
		HideSolutionNode = FALSE
	EndGlobalSection
EndGlobal
